{
  "version": 4,
  "terraform_version": "0.15.5",
  "serial": 18,
  "lineage": "eda42fce-8147-052b-bf78-ac9920d48f6a",
  "outputs": {},
  "resources": [
    {
      "mode": "managed",
      "type": "google_bigquery_dataset",
      "name": "datasets",
      "provider": "provider[\"registry.terraform.io/hashicorp/google\"]",
      "instances": [
        {
          "index_key": "dataset_1",
          "schema_version": 0,
          "attributes": {
            "access": [
              {
                "dataset": [],
                "domain": "",
                "group_by_email": "",
                "iam_member": "",
                "role": "OWNER",
                "routine": [],
                "special_group": "",
                "user_by_email": "muhammadhassanb122@gmail.com",
                "view": []
              },
              {
                "dataset": [],
                "domain": "",
                "group_by_email": "",
                "iam_member": "",
                "role": "OWNER",
                "routine": [],
                "special_group": "projectOwners",
                "user_by_email": "",
                "view": []
              },
              {
                "dataset": [],
                "domain": "",
                "group_by_email": "",
                "iam_member": "",
                "role": "READER",
                "routine": [],
                "special_group": "projectReaders",
                "user_by_email": "",
                "view": []
              },
              {
                "dataset": [],
                "domain": "",
                "group_by_email": "",
                "iam_member": "",
                "role": "WRITER",
                "routine": [],
                "special_group": "projectWriters",
                "user_by_email": "",
                "view": []
              }
            ],
            "creation_time": 1707880087832,
            "dataset_id": "dataset_1",
            "default_collation": "",
            "default_encryption_configuration": [],
            "default_partition_expiration_ms": 0,
            "default_table_expiration_ms": 0,
            "delete_contents_on_destroy": false,
            "description": "",
            "effective_labels": {},
            "etag": "ZU7GrwbE0dXoPdnl4aZrbA==",
            "friendly_name": "",
            "id": "projects/world-learning-400909/datasets/dataset_1",
            "is_case_insensitive": false,
            "labels": {},
            "last_modified_time": 1707880087832,
            "location": "US",
            "max_time_travel_hours": "",
            "project": "world-learning-400909",
            "self_link": "https://bigquery.googleapis.com/bigquery/v2/projects/world-learning-400909/datasets/dataset_1",
            "storage_billing_model": "",
            "terraform_labels": {},
            "timeouts": null
          },
          "sensitive_attributes": [],
          "private": "eyJlMmJmYjczMC1lY2FhLTExZTYtOGY4OC0zNDM2M2JjN2M0YzAiOnsiY3JlYXRlIjoxMjAwMDAwMDAwMDAwLCJkZWxldGUiOjEyMDAwMDAwMDAwMDAsInVwZGF0ZSI6MTIwMDAwMDAwMDAwMH19"
        },
        {
          "index_key": "dataset_2",
          "schema_version": 0,
          "attributes": {
            "access": [
              {
                "dataset": [],
                "domain": "",
                "group_by_email": "",
                "iam_member": "",
                "role": "OWNER",
                "routine": [],
                "special_group": "",
                "user_by_email": "muhammadhassanb122@gmail.com",
                "view": []
              },
              {
                "dataset": [],
                "domain": "",
                "group_by_email": "",
                "iam_member": "",
                "role": "OWNER",
                "routine": [],
                "special_group": "projectOwners",
                "user_by_email": "",
                "view": []
              },
              {
                "dataset": [],
                "domain": "",
                "group_by_email": "",
                "iam_member": "",
                "role": "READER",
                "routine": [],
                "special_group": "projectReaders",
                "user_by_email": "",
                "view": []
              },
              {
                "dataset": [],
                "domain": "",
                "group_by_email": "",
                "iam_member": "",
                "role": "WRITER",
                "routine": [],
                "special_group": "projectWriters",
                "user_by_email": "",
                "view": []
              }
            ],
            "creation_time": 1707880087836,
            "dataset_id": "dataset_2",
            "default_collation": "",
            "default_encryption_configuration": [],
            "default_partition_expiration_ms": 0,
            "default_table_expiration_ms": 0,
            "delete_contents_on_destroy": false,
            "description": "",
            "effective_labels": {},
            "etag": "QCY9KehmBQ4k2xJonrhZyg==",
            "friendly_name": "",
            "id": "projects/world-learning-400909/datasets/dataset_2",
            "is_case_insensitive": false,
            "labels": {},
            "last_modified_time": 1707880087836,
            "location": "US",
            "max_time_travel_hours": "",
            "project": "world-learning-400909",
            "self_link": "https://bigquery.googleapis.com/bigquery/v2/projects/world-learning-400909/datasets/dataset_2",
            "storage_billing_model": "",
            "terraform_labels": {},
            "timeouts": null
          },
          "sensitive_attributes": [],
          "private": "eyJlMmJmYjczMC1lY2FhLTExZTYtOGY4OC0zNDM2M2JjN2M0YzAiOnsiY3JlYXRlIjoxMjAwMDAwMDAwMDAwLCJkZWxldGUiOjEyMDAwMDAwMDAwMDAsInVwZGF0ZSI6MTIwMDAwMDAwMDAwMH19"
        }
      ]
    },
    {
      "mode": "managed",
      "type": "google_bigquery_table",
      "name": "tables",
      "provider": "provider[\"registry.terraform.io/hashicorp/google\"]",
      "instances": [
        {
          "index_key": "dataset_1.table_1",
          "schema_version": 0,
          "attributes": {
            "clustering": null,
            "creation_time": 1707880427435,
            "dataset_id": "dataset_1",
            "deletion_protection": true,
            "description": "",
            "effective_labels": {},
            "encryption_configuration": [],
            "etag": "qm1yV5sdDnZMFgbljatO2A==",
            "expiration_time": 0,
            "external_data_configuration": [],
            "friendly_name": "",
            "id": "projects/world-learning-400909/datasets/dataset_1/tables/table_1",
            "labels": null,
            "last_modified_time": 1707880427515,
            "location": "US",
            "materialized_view": [],
            "max_staleness": "",
            "num_bytes": 0,
            "num_long_term_bytes": 0,
            "num_rows": 0,
            "project": "world-learning-400909",
            "range_partitioning": [],
            "require_partition_filter": false,
            "schema": "[{\"name\":\"column1\",\"type\":\"STRING\"},{\"name\":\"column2\",\"type\":\"INTEGER\"},{\"name\":\"column3\",\"type\":\"FLOAT\"}]",
            "self_link": "https://bigquery.googleapis.com/bigquery/v2/projects/world-learning-400909/datasets/dataset_1/tables/table_1",
            "table_constraints": [],
            "table_id": "table_1",
            "terraform_labels": {},
            "time_partitioning": [],
            "type": "TABLE",
            "view": []
          },
          "sensitive_attributes": [],
          "private": "bnVsbA==",
          "dependencies": [
            "google_bigquery_dataset.datasets"
          ]
        },
        {
          "index_key": "dataset_1.table_2",
          "schema_version": 0,
          "attributes": {
            "clustering": null,
            "creation_time": 1707880427421,
            "dataset_id": "dataset_1",
            "deletion_protection": true,
            "description": "",
            "effective_labels": {},
            "encryption_configuration": [],
            "etag": "ddp9Qcef9xnBTEWO+AyTUA==",
            "expiration_time": 0,
            "external_data_configuration": [],
            "friendly_name": "",
            "id": "projects/world-learning-400909/datasets/dataset_1/tables/table_2",
            "labels": null,
            "last_modified_time": 1707880427489,
            "location": "US",
            "materialized_view": [],
            "max_staleness": "",
            "num_bytes": 0,
            "num_long_term_bytes": 0,
            "num_rows": 0,
            "project": "world-learning-400909",
            "range_partitioning": [],
            "require_partition_filter": false,
            "schema": "[{\"name\":\"column1\",\"type\":\"STRING\"},{\"name\":\"column2\",\"type\":\"INTEGER\"},{\"name\":\"column3\",\"type\":\"FLOAT\"}]",
            "self_link": "https://bigquery.googleapis.com/bigquery/v2/projects/world-learning-400909/datasets/dataset_1/tables/table_2",
            "table_constraints": [],
            "table_id": "table_2",
            "terraform_labels": {},
            "time_partitioning": [],
            "type": "TABLE",
            "view": []
          },
          "sensitive_attributes": [],
          "private": "bnVsbA==",
          "dependencies": [
            "google_bigquery_dataset.datasets"
          ]
        },
        {
          "index_key": "dataset_2.table_3",
          "schema_version": 0,
          "attributes": {
            "clustering": null,
            "creation_time": 1707880337435,
            "dataset_id": "dataset_2",
            "deletion_protection": true,
            "description": "",
            "effective_labels": {},
            "encryption_configuration": [],
            "etag": "2MJvbgnhPs2GdPbpmy9ETw==",
            "expiration_time": 0,
            "external_data_configuration": [],
            "friendly_name": "",
            "id": "projects/world-learning-400909/datasets/dataset_2/tables/table_3",
            "labels": {},
            "last_modified_time": 1707880337499,
            "location": "US",
            "materialized_view": [],
            "max_staleness": "",
            "num_bytes": 0,
            "num_long_term_bytes": 0,
            "num_rows": 0,
            "project": "world-learning-400909",
            "range_partitioning": [],
            "require_partition_filter": false,
            "schema": "[{\"name\":\"column1\",\"type\":\"STRING\"},{\"name\":\"column2\",\"type\":\"INTEGER\"},{\"name\":\"column3\",\"type\":\"FLOAT\"}]",
            "self_link": "https://bigquery.googleapis.com/bigquery/v2/projects/world-learning-400909/datasets/dataset_2/tables/table_3",
            "table_constraints": [],
            "table_id": "table_3",
            "terraform_labels": {},
            "time_partitioning": [],
            "type": "TABLE",
            "view": []
          },
          "sensitive_attributes": [],
          "private": "bnVsbA==",
          "dependencies": [
            "google_bigquery_dataset.datasets"
          ]
        },
        {
          "index_key": "dataset_2.table_4",
          "schema_version": 0,
          "attributes": {
            "clustering": null,
            "creation_time": 1707880337485,
            "dataset_id": "dataset_2",
            "deletion_protection": true,
            "description": "",
            "effective_labels": {},
            "encryption_configuration": [],
            "etag": "QARSvKLDm5jyO66/CaszYQ==",
            "expiration_time": 0,
            "external_data_configuration": [],
            "friendly_name": "",
            "id": "projects/world-learning-400909/datasets/dataset_2/tables/table_4",
            "labels": {},
            "last_modified_time": 1707880337555,
            "location": "US",
            "materialized_view": [],
            "max_staleness": "",
            "num_bytes": 0,
            "num_long_term_bytes": 0,
            "num_rows": 0,
            "project": "world-learning-400909",
            "range_partitioning": [],
            "require_partition_filter": false,
            "schema": "[{\"name\":\"column1\",\"type\":\"STRING\"},{\"name\":\"column2\",\"type\":\"INTEGER\"},{\"name\":\"column3\",\"type\":\"FLOAT\"}]",
            "self_link": "https://bigquery.googleapis.com/bigquery/v2/projects/world-learning-400909/datasets/dataset_2/tables/table_4",
            "table_constraints": [],
            "table_id": "table_4",
            "terraform_labels": {},
            "time_partitioning": [],
            "type": "TABLE",
            "view": []
          },
          "sensitive_attributes": [],
          "private": "bnVsbA==",
          "dependencies": [
            "google_bigquery_dataset.datasets"
          ]
        }
      ]
    }
  ]
}
